
Microsoft Visual Studio Solution File, Format Version 12.00
# Visual Studio Version 16
VisualStudioVersion = 16.0.30517.126
MinimumVisualStudioVersion = 10.0.40219.1
Project("{9A19103F-16F7-4668-BE54-9A1E7A4F7556}") = "NotificationAlert.Api", "NotificationAlert.Api\NotificationAlert.Api.csproj", "{91F93A75-EAD9-4D85-84D2-ED6DE2993B52}"
EndProject
Project("{9A19103F-16F7-4668-BE54-9A1E7A4F7556}") = "NotificationAlertCustom", "NotificationAlertCustom\NotificationAlertCustom.csproj", "{B9771544-71D3-49EE-8157-C2FE2C00E536}"
EndProject
Project("{9A19103F-16F7-4668-BE54-9A1E7A4F7556}") = "NasWorker", "NasWorker\NasWorker.csproj", "{FF698E60-48C2-4B68-9669-763A46264F55}"
EndProject
Project("{9A19103F-16F7-4668-BE54-9A1E7A4F7556}") = "WorkerServiceCustom", "WorkerServiceCustom\WorkerServiceCustom.csproj", "{7F6B0FCE-F516-47E9-B3A2-45092908C509}"
EndProject
Project("{2150E333-8FDC-42A3-9474-1A3956D46DE8}") = "Services", "Services", "{00551445-412D-4ADA-8C71-3EBFC54C6056}"
EndProject
Project("{9A19103F-16F7-4668-BE54-9A1E7A4F7556}") = "LogLog4Net", "LogLog4Net\LogLog4Net.csproj", "{87FE4860-67AC-4ECD-A86A-C1E689C4398D}"
EndProject
Project("{9A19103F-16F7-4668-BE54-9A1E7A4F7556}") = "Sms", "Sms\Sms.csproj", "{06C66BF3-16F8-4830-95AB-F43F43E7FF10}"
EndProject
Project("{9A19103F-16F7-4668-BE54-9A1E7A4F7556}") = "Email", "Email\Email.csproj", "{77DD2874-3673-4BEE-863C-62FFE8EB172A}"
EndProject
Project("{9A19103F-16F7-4668-BE54-9A1E7A4F7556}") = "Model", "Model\Model.csproj", "{AA4E1AB6-C5EE-409D-B06F-C5B5D073CAFF}"
EndProject
Project("{9A19103F-16F7-4668-BE54-9A1E7A4F7556}") = "Helper", "Helper\Helper.csproj", "{34ED395E-9BB9-49D1-B6CC-C13B18905370}"
EndProject
Project("{9A19103F-16F7-4668-BE54-9A1E7A4F7556}") = "Database", "Database\Database.csproj", "{C30B2346-9D49-4C23-A401-633E132A1A08}"
EndProject
Project("{2150E333-8FDC-42A3-9474-1A3956D46DE8}") = "GDIC", "GDIC", "{306FA3E6-FFC6-4F2D-9FD1-2A3635E06F13}"
EndProject
Project("{9A19103F-16F7-4668-BE54-9A1E7A4F7556}") = "GdicNasWorker", "GdicNasWorker\GdicNasWorker.csproj", "{7464F5C0-1618-49AC-A4DE-2CD00521754E}"
EndProject
Project("{FAE04EC0-301F-11D3-BF4B-00C04F79EFBC}") = "Gdic.Api", "Gdic.Api\Gdic.Api.csproj", "{F40213ED-50F1-43E4-A337-F358FA63E058}"
EndProject
Global
	GlobalSection(SolutionConfigurationPlatforms) = preSolution
		Debug|Any CPU = Debug|Any CPU
		Release|Any CPU = Release|Any CPU
	EndGlobalSection
	GlobalSection(ProjectConfigurationPlatforms) = postSolution
		{91F93A75-EAD9-4D85-84D2-ED6DE2993B52}.Debug|Any CPU.ActiveCfg = Debug|Any CPU
		{91F93A75-EAD9-4D85-84D2-ED6DE2993B52}.Debug|Any CPU.Build.0 = Debug|Any CPU
		{91F93A75-EAD9-4D85-84D2-ED6DE2993B52}.Release|Any CPU.ActiveCfg = Release|Any CPU
		{91F93A75-EAD9-4D85-84D2-ED6DE2993B52}.Release|Any CPU.Build.0 = Release|Any CPU
		{B9771544-71D3-49EE-8157-C2FE2C00E536}.Debug|Any CPU.ActiveCfg = Debug|Any CPU
		{B9771544-71D3-49EE-8157-C2FE2C00E536}.Debug|Any CPU.Build.0 = Debug|Any CPU
		{B9771544-71D3-49EE-8157-C2FE2C00E536}.Release|Any CPU.ActiveCfg = Release|Any CPU
		{B9771544-71D3-49EE-8157-C2FE2C00E536}.Release|Any CPU.Build.0 = Release|Any CPU
		{FF698E60-48C2-4B68-9669-763A46264F55}.Debug|Any CPU.ActiveCfg = Debug|Any CPU
		{FF698E60-48C2-4B68-9669-763A46264F55}.Debug|Any CPU.Build.0 = Debug|Any CPU
		{FF698E60-48C2-4B68-9669-763A46264F55}.Release|Any CPU.ActiveCfg = Release|Any CPU
		{FF698E60-48C2-4B68-9669-763A46264F55}.Release|Any CPU.Build.0 = Release|Any CPU
		{7F6B0FCE-F516-47E9-B3A2-45092908C509}.Debug|Any CPU.ActiveCfg = Debug|Any CPU
		{7F6B0FCE-F516-47E9-B3A2-45092908C509}.Debug|Any CPU.Build.0 = Debug|Any CPU
		{7F6B0FCE-F516-47E9-B3A2-45092908C509}.Release|Any CPU.ActiveCfg = Release|Any CPU
		{7F6B0FCE-F516-47E9-B3A2-45092908C509}.Release|Any CPU.Build.0 = Release|Any CPU
		{87FE4860-67AC-4ECD-A86A-C1E689C4398D}.Debug|Any CPU.ActiveCfg = Debug|Any CPU
		{87FE4860-67AC-4ECD-A86A-C1E689C4398D}.Debug|Any CPU.Build.0 = Debug|Any CPU
		{87FE4860-67AC-4ECD-A86A-C1E689C4398D}.Release|Any CPU.ActiveCfg = Release|Any CPU
		{87FE4860-67AC-4ECD-A86A-C1E689C4398D}.Release|Any CPU.Build.0 = Release|Any CPU
		{06C66BF3-16F8-4830-95AB-F43F43E7FF10}.Debug|Any CPU.ActiveCfg = Debug|Any CPU
		{06C66BF3-16F8-4830-95AB-F43F43E7FF10}.Debug|Any CPU.Build.0 = Debug|Any CPU
		{06C66BF3-16F8-4830-95AB-F43F43E7FF10}.Release|Any CPU.ActiveCfg = Release|Any CPU
		{06C66BF3-16F8-4830-95AB-F43F43E7FF10}.Release|Any CPU.Build.0 = Release|Any CPU
		{77DD2874-3673-4BEE-863C-62FFE8EB172A}.Debug|Any CPU.ActiveCfg = Debug|Any CPU
		{77DD2874-3673-4BEE-863C-62FFE8EB172A}.Debug|Any CPU.Build.0 = Debug|Any CPU
		{77DD2874-3673-4BEE-863C-62FFE8EB172A}.Release|Any CPU.ActiveCfg = Release|Any CPU
		{77DD2874-3673-4BEE-863C-62FFE8EB172A}.Release|Any CPU.Build.0 = Release|Any CPU
		{AA4E1AB6-C5EE-409D-B06F-C5B5D073CAFF}.Debug|Any CPU.ActiveCfg = Debug|Any CPU
		{AA4E1AB6-C5EE-409D-B06F-C5B5D073CAFF}.Debug|Any CPU.Build.0 = Debug|Any CPU
		{AA4E1AB6-C5EE-409D-B06F-C5B5D073CAFF}.Release|Any CPU.ActiveCfg = Release|Any CPU
		{AA4E1AB6-C5EE-409D-B06F-C5B5D073CAFF}.Release|Any CPU.Build.0 = Release|Any CPU
		{34ED395E-9BB9-49D1-B6CC-C13B18905370}.Debug|Any CPU.ActiveCfg = Debug|Any CPU
		{34ED395E-9BB9-49D1-B6CC-C13B18905370}.Debug|Any CPU.Build.0 = Debug|Any CPU
		{34ED395E-9BB9-49D1-B6CC-C13B18905370}.Release|Any CPU.ActiveCfg = Release|Any CPU
		{34ED395E-9BB9-49D1-B6CC-C13B18905370}.Release|Any CPU.Build.0 = Release|Any CPU
		{C30B2346-9D49-4C23-A401-633E132A1A08}.Debug|Any CPU.ActiveCfg = Debug|Any CPU
		{C30B2346-9D49-4C23-A401-633E132A1A08}.Debug|Any CPU.Build.0 = Debug|Any CPU
		{C30B2346-9D49-4C23-A401-633E132A1A08}.Release|Any CPU.ActiveCfg = Release|Any CPU
		{C30B2346-9D49-4C23-A401-633E132A1A08}.Release|Any CPU.Build.0 = Release|Any CPU
		{7464F5C0-1618-49AC-A4DE-2CD00521754E}.Debug|Any CPU.ActiveCfg = Debug|Any CPU
		{7464F5C0-1618-49AC-A4DE-2CD00521754E}.Debug|Any CPU.Build.0 = Debug|Any CPU
		{7464F5C0-1618-49AC-A4DE-2CD00521754E}.Release|Any CPU.ActiveCfg = Release|Any CPU
		{7464F5C0-1618-49AC-A4DE-2CD00521754E}.Release|Any CPU.Build.0 = Release|Any CPU
		{F40213ED-50F1-43E4-A337-F358FA63E058}.Debug|Any CPU.ActiveCfg = Debug|Any CPU
		{F40213ED-50F1-43E4-A337-F358FA63E058}.Debug|Any CPU.Build.0 = Debug|Any CPU
		{F40213ED-50F1-43E4-A337-F358FA63E058}.Release|Any CPU.ActiveCfg = Release|Any CPU
		{F40213ED-50F1-43E4-A337-F358FA63E058}.Release|Any CPU.Build.0 = Release|Any CPU
	EndGlobalSection
	GlobalSection(SolutionProperties) = preSolution
		HideSolutionNode = FALSE
	EndGlobalSection
	GlobalSection(NestedProjects) = preSolution
		{87FE4860-67AC-4ECD-A86A-C1E689C4398D} = {00551445-412D-4ADA-8C71-3EBFC54C6056}
		{06C66BF3-16F8-4830-95AB-F43F43E7FF10} = {00551445-412D-4ADA-8C71-3EBFC54C6056}
		{77DD2874-3673-4BEE-863C-62FFE8EB172A} = {00551445-412D-4ADA-8C71-3EBFC54C6056}
		{AA4E1AB6-C5EE-409D-B06F-C5B5D073CAFF} = {00551445-412D-4ADA-8C71-3EBFC54C6056}
		{34ED395E-9BB9-49D1-B6CC-C13B18905370} = {00551445-412D-4ADA-8C71-3EBFC54C6056}
		{C30B2346-9D49-4C23-A401-633E132A1A08} = {00551445-412D-4ADA-8C71-3EBFC54C6056}
		{7464F5C0-1618-49AC-A4DE-2CD00521754E} = {306FA3E6-FFC6-4F2D-9FD1-2A3635E06F13}
		{F40213ED-50F1-43E4-A337-F358FA63E058} = {306FA3E6-FFC6-4F2D-9FD1-2A3635E06F13}
	EndGlobalSection
	GlobalSection(ExtensibilityGlobals) = postSolution
		SolutionGuid = {7AD63C8C-087D-4F05-811B-EBD821E10E3B}
	EndGlobalSection
EndGlobal
